
Microsoft Visual Studio Solution File, Format Version 12.00
# Visual Studio Version 16
VisualStudioVersion = 16.0.29230.61
MinimumVisualStudioVersion = 10.0.40219.1
Project("{FAE04EC0-301F-11D3-BF4B-00C04F79EFBC}") = "PowerSSHCore", "PowerSSHCore\PowerSSHCore.csproj", "{C7757DDE-8B04-438F-8565-38B72A7022FE}"
EndProject
Global
	GlobalSection(SolutionConfigurationPlatforms) = preSolution
		Debug|Any CPU = Debug|Any CPU
		Release|Any CPU = Release|Any CPU
	EndGlobalSection
	GlobalSection(ProjectConfigurationPlatforms) = postSolution
		{C7757DDE-8B04-438F-8565-38B72A7022FE}.Debug|Any CPU.ActiveCfg = Debug|Any CPU
		{C7757DDE-8B04-438F-8565-38B72A7022FE}.Debug|Any CPU.Build.0 = Debug|Any CPU
		{C7757DDE-8B04-438F-8565-38B72A7022FE}.Release|Any CPU.ActiveCfg = Release|Any CPU
		{C7757DDE-8B04-438F-8565-38B72A7022FE}.Release|Any CPU.Build.0 = Release|Any CPU
	EndGlobalSection
	GlobalSection(SolutionProperties) = preSolution
		HideSolutionNode = FALSE
	EndGlobalSection
	GlobalSection(ExtensibilityGlobals) = postSolution
		SolutionGuid = {E8660618-CB02-4B2B-98F5-27A742247DBF}
	EndGlobalSection
EndGlobal
